// !$*UTF8*$!
{
	archiveVersion = 1;
	classes = {
	};
	objectVersion = 55;
	objects = {

/* Begin PBXBuildFile section */
		74145E1227E7A83900D57C07 /* Recipes.swift in Sources */ = {isa = PBXBuildFile; fileRef = 74145E1127E7A83900D57C07 /* Recipes.swift */; };
		74145E1627E7AFE700D57C07 /* DetailRecipeIC.swift in Sources */ = {isa = PBXBuildFile; fileRef = 74145E1527E7AFE700D57C07 /* DetailRecipeIC.swift */; };
		74B4434F27E7A1A70056E1C2 /* CookBook WatchKit App.app in Embed Watch Content */ = {isa = PBXBuildFile; fileRef = 74B4434E27E7A1A70056E1C2 /* CookBook WatchKit App.app */; settings = {ATTRIBUTES = (RemoveHeadersOnCopy, ); }; };
		74B4435527E7A1A70056E1C2 /* Interface.storyboard in Resources */ = {isa = PBXBuildFile; fileRef = 74B4435327E7A1A70056E1C2 /* Interface.storyboard */; };
		74B4435727E7A1AB0056E1C2 /* Assets.xcassets in Resources */ = {isa = PBXBuildFile; fileRef = 74B4435627E7A1AB0056E1C2 /* Assets.xcassets */; };
		74B4435D27E7A1AB0056E1C2 /* CookBook WatchKit Extension.appex in Embed App Extensions */ = {isa = PBXBuildFile; fileRef = 74B4435C27E7A1AB0056E1C2 /* CookBook WatchKit Extension.appex */; settings = {ATTRIBUTES = (RemoveHeadersOnCopy, ); }; };
		74B4436227E7A1AB0056E1C2 /* TableRecipesIC.swift in Sources */ = {isa = PBXBuildFile; fileRef = 74B4436127E7A1AB0056E1C2 /* TableRecipesIC.swift */; };
		74B4436427E7A1AB0056E1C2 /* ExtensionDelegate.swift in Sources */ = {isa = PBXBuildFile; fileRef = 74B4436327E7A1AB0056E1C2 /* ExtensionDelegate.swift */; };
		74B4436627E7A1AB0056E1C2 /* ComplicationController.swift in Sources */ = {isa = PBXBuildFile; fileRef = 74B4436527E7A1AB0056E1C2 /* ComplicationController.swift */; };
		74B4436827E7A1AC0056E1C2 /* Assets.xcassets in Resources */ = {isa = PBXBuildFile; fileRef = 74B4436727E7A1AC0056E1C2 /* Assets.xcassets */; };
/* End PBXBuildFile section */

/* Begin PBXContainerItemProxy section */
		74B4435027E7A1A70056E1C2 /* PBXContainerItemProxy */ = {
			isa = PBXContainerItemProxy;
			containerPortal = 74B4434427E7A1A70056E1C2 /* Project object */;
			proxyType = 1;
			remoteGlobalIDString = 74B4434D27E7A1A70056E1C2;
			remoteInfo = "CookBook WatchKit App";
		};
		74B4435E27E7A1AB0056E1C2 /* PBXContainerItemProxy */ = {
			isa = PBXContainerItemProxy;
			containerPortal = 74B4434427E7A1A70056E1C2 /* Project object */;
			proxyType = 1;
			remoteGlobalIDString = 74B4435B27E7A1AB0056E1C2;
			remoteInfo = "CookBook WatchKit Extension";
		};
/* End PBXContainerItemProxy section */

/* Begin PBXCopyFilesBuildPhase section */
		74B4436F27E7A1AC0056E1C2 /* Embed App Extensions */ = {
			isa = PBXCopyFilesBuildPhase;
			buildActionMask = 2147483647;
			dstPath = "";
			dstSubfolderSpec = 13;
			files = (
				74B4435D27E7A1AB0056E1C2 /* CookBook WatchKit Extension.appex in Embed App Extensions */,
			);
			name = "Embed App Extensions";
			runOnlyForDeploymentPostprocessing = 0;
		};
		74B4437327E7A1AC0056E1C2 /* Embed Watch Content */ = {
			isa = PBXCopyFilesBuildPhase;
			buildActionMask = 2147483647;
			dstPath = "$(CONTENTS_FOLDER_PATH)/Watch";
			dstSubfolderSpec = 16;
			files = (
				74B4434F27E7A1A70056E1C2 /* CookBook WatchKit App.app in Embed Watch Content */,
			);
			name = "Embed Watch Content";
			runOnlyForDeploymentPostprocessing = 0;
		};
/* End PBXCopyFilesBuildPhase section */

/* Begin PBXFileReference section */
		74145E0F27E7A6CB00D57C07 /* RowTable.swift */ = {isa = PBXFileReference; lastKnownFileType = sourcecode.swift; path = RowTable.swift; sourceTree = "<group>"; };
		74145E1127E7A83900D57C07 /* Recipes.swift */ = {isa = PBXFileReference; lastKnownFileType = sourcecode.swift; path = Recipes.swift; sourceTree = "<group>"; };
		74145E1527E7AFE700D57C07 /* DetailRecipeIC.swift */ = {isa = PBXFileReference; lastKnownFileType = sourcecode.swift; path = DetailRecipeIC.swift; sourceTree = "<group>"; };
		74145E1727E7B40C00D57C07 /* RecipeDescriptionIC.swift */ = {isa = PBXFileReference; lastKnownFileType = sourcecode.swift; path = RecipeDescriptionIC.swift; sourceTree = "<group>"; };
		74B4434A27E7A1A70056E1C2 /* CookBook.app */ = {isa = PBXFileReference; explicitFileType = wrapper.application; includeInIndex = 0; path = CookBook.app; sourceTree = BUILT_PRODUCTS_DIR; };
		74B4434E27E7A1A70056E1C2 /* CookBook WatchKit App.app */ = {isa = PBXFileReference; explicitFileType = wrapper.application; includeInIndex = 0; path = "CookBook WatchKit App.app"; sourceTree = BUILT_PRODUCTS_DIR; };
		74B4435427E7A1A70056E1C2 /* Base */ = {isa = PBXFileReference; lastKnownFileType = file.storyboard; name = Base; path = Base.lproj/Interface.storyboard; sourceTree = "<group>"; };
		74B4435627E7A1AB0056E1C2 /* Assets.xcassets */ = {isa = PBXFileReference; lastKnownFileType = folder.assetcatalog; path = Assets.xcassets; sourceTree = "<group>"; };
		74B4435C27E7A1AB0056E1C2 /* CookBook WatchKit Extension.appex */ = {isa = PBXFileReference; explicitFileType = "wrapper.app-extension"; includeInIndex = 0; path = "CookBook WatchKit Extension.appex"; sourceTree = BUILT_PRODUCTS_DIR; };
		74B4436127E7A1AB0056E1C2 /* TableRecipesIC.swift */ = {isa = PBXFileReference; lastKnownFileType = sourcecode.swift; path = TableRecipesIC.swift; sourceTree = "<group>"; };
		74B4436327E7A1AB0056E1C2 /* ExtensionDelegate.swift */ = {isa = PBXFileReference; lastKnownFileType = sourcecode.swift; path = ExtensionDelegate.swift; sourceTree = "<group>"; };
		74B4436527E7A1AB0056E1C2 /* ComplicationController.swift */ = {isa = PBXFileReference; lastKnownFileType = sourcecode.swift; path = ComplicationController.swift; sourceTree = "<group>"; };
		74B4436727E7A1AC0056E1C2 /* Assets.xcassets */ = {isa = PBXFileReference; lastKnownFileType = folder.assetcatalog; path = Assets.xcassets; sourceTree = "<group>"; };
		74B4436927E7A1AC0056E1C2 /* Info.plist */ = {isa = PBXFileReference; lastKnownFileType = text.plist.xml; path = Info.plist; sourceTree = "<group>"; };
/* End PBXFileReference section */

/* Begin PBXFrameworksBuildPhase section */
		74B4435927E7A1AB0056E1C2 /* Frameworks */ = {
			isa = PBXFrameworksBuildPhase;
			buildActionMask = 2147483647;
			files = (
			);
			runOnlyForDeploymentPostprocessing = 0;
		};
/* End PBXFrameworksBuildPhase section */

/* Begin PBXGroup section */
		74B4434327E7A1A70056E1C2 = {
			isa = PBXGroup;
			children = (
				74B4435227E7A1A70056E1C2 /* CookBook WatchKit App */,
				74B4436027E7A1AB0056E1C2 /* CookBook WatchKit Extension */,
				74B4434B27E7A1A70056E1C2 /* Products */,
			);
			sourceTree = "<group>";
		};
		74B4434B27E7A1A70056E1C2 /* Products */ = {
			isa = PBXGroup;
			children = (
				74B4434A27E7A1A70056E1C2 /* CookBook.app */,
				74B4434E27E7A1A70056E1C2 /* CookBook WatchKit App.app */,
				74B4435C27E7A1AB0056E1C2 /* CookBook WatchKit Extension.appex */,
			);
			name = Products;
			sourceTree = "<group>";
		};
		74B4435227E7A1A70056E1C2 /* CookBook WatchKit App */ = {
			isa = PBXGroup;
			children = (
				74B4435327E7A1A70056E1C2 /* Interface.storyboard */,
				74145E1727E7B40C00D57C07 /* RecipeDescriptionIC.swift */,
				74145E1127E7A83900D57C07 /* Recipes.swift */,
				74145E1527E7AFE700D57C07 /* DetailRecipeIC.swift */,
				74145E0F27E7A6CB00D57C07 /* RowTable.swift */,
				74B4435627E7A1AB0056E1C2 /* Assets.xcassets */,
			);
			path = "CookBook WatchKit App";
			sourceTree = "<group>";
		};
		74B4436027E7A1AB0056E1C2 /* CookBook WatchKit Extension */ = {
			isa = PBXGroup;
			children = (
				74B4436127E7A1AB0056E1C2 /* TableRecipesIC.swift */,
				74B4436327E7A1AB0056E1C2 /* ExtensionDelegate.swift */,
				74B4436527E7A1AB0056E1C2 /* ComplicationController.swift */,
				74B4436727E7A1AC0056E1C2 /* Assets.xcassets */,
				74B4436927E7A1AC0056E1C2 /* Info.plist */,
			);
			path = "CookBook WatchKit Extension";
			sourceTree = "<group>";
		};
/* End PBXGroup section */

/* Begin PBXNativeTarget section */
		74B4434927E7A1A70056E1C2 /* CookBook */ = {
			isa = PBXNativeTarget;
			buildConfigurationList = 74B4437427E7A1AC0056E1C2 /* Build configuration list for PBXNativeTarget "CookBook" */;
			buildPhases = (
				74B4434827E7A1A70056E1C2 /* Resources */,
				74B4437327E7A1AC0056E1C2 /* Embed Watch Content */,
			);
			buildRules = (
			);
			dependencies = (
				74B4435127E7A1A70056E1C2 /* PBXTargetDependency */,
			);
			name = CookBook;
			productName = CookBook;
			productReference = 74B4434A27E7A1A70056E1C2 /* CookBook.app */;
			productType = "com.apple.product-type.application.watchapp2-container";
		};
		74B4434D27E7A1A70056E1C2 /* CookBook WatchKit App */ = {
			isa = PBXNativeTarget;
			buildConfigurationList = 74B4437027E7A1AC0056E1C2 /* Build configuration list for PBXNativeTarget "CookBook WatchKit App" */;
			buildPhases = (
				74B4434C27E7A1A70056E1C2 /* Resources */,
				74B4436F27E7A1AC0056E1C2 /* Embed App Extensions */,
			);
			buildRules = (
			);
			dependencies = (
				74B4435F27E7A1AB0056E1C2 /* PBXTargetDependency */,
			);
			name = "CookBook WatchKit App";
			productName = "CookBook WatchKit App";
			productReference = 74B4434E27E7A1A70056E1C2 /* CookBook WatchKit App.app */;
			productType = "com.apple.product-type.application.watchapp2";
		};
		74B4435B27E7A1AB0056E1C2 /* CookBook WatchKit Extension */ = {
			isa = PBXNativeTarget;
			buildConfigurationList = 74B4436C27E7A1AC0056E1C2 /* Build configuration list for PBXNativeTarget "CookBook WatchKit Extension" */;
			buildPhases = (
				74B4435827E7A1AB0056E1C2 /* Sources */,
				74B4435927E7A1AB0056E1C2 /* Frameworks */,
				74B4435A27E7A1AB0056E1C2 /* Resources */,
			);
			buildRules = (
			);
			dependencies = (
			);
			name = "CookBook WatchKit Extension";
			productName = "CookBook WatchKit Extension";
			productReference = 74B4435C27E7A1AB0056E1C2 /* CookBook WatchKit Extension.appex */;
			productType = "com.apple.product-type.watchkit2-extension";
		};
/* End PBXNativeTarget section */

/* Begin PBXProject section */
		74B4434427E7A1A70056E1C2 /* Project object */ = {
			isa = PBXProject;
			attributes = {
				BuildIndependentTargetsInParallel = 1;
				LastSwiftUpdateCheck = 1330;
				LastUpgradeCheck = 1330;
				TargetAttributes = {
					74B4434927E7A1A70056E1C2 = {
						CreatedOnToolsVersion = 13.3;
					};
					74B4434D27E7A1A70056E1C2 = {
						CreatedOnToolsVersion = 13.3;
					};
					74B4435B27E7A1AB0056E1C2 = {
						CreatedOnToolsVersion = 13.3;
					};
				};
			};
			buildConfigurationList = 74B4434727E7A1A70056E1C2 /* Build configuration list for PBXProject "CookBook" */;
			compatibilityVersion = "Xcode 13.0";
			developmentRegion = en;
			hasScannedForEncodings = 0;
			knownRegions = (
				en,
				Base,
			);
			mainGroup = 74B4434327E7A1A70056E1C2;
			productRefGroup = 74B4434B27E7A1A70056E1C2 /* Products */;
			projectDirPath = "";
			projectRoot = "";
			targets = (
				74B4434927E7A1A70056E1C2 /* CookBook */,
				74B4434D27E7A1A70056E1C2 /* CookBook WatchKit App */,
				74B4435B27E7A1AB0056E1C2 /* CookBook WatchKit Extension */,
			);
		};
/* End PBXProject section */

/* Begin PBXResourcesBuildPhase section */
		74B4434827E7A1A70056E1C2 /* Resources */ = {
			isa = PBXResourcesBuildPhase;
			buildActionMask = 2147483647;
			files = (
			);
			runOnlyForDeploymentPostprocessing = 0;
		};
		74B4434C27E7A1A70056E1C2 /* Resources */ = {
			isa = PBXResourcesBuildPhase;
			buildActionMask = 2147483647;
			files = (
				74B4435727E7A1AB0056E1C2 /* Assets.xcassets in Resources */,
				74B4435527E7A1A70056E1C2 /* Interface.storyboard in Resources */,
			);
			runOnlyForDeploymentPostprocessing = 0;
		};
		74B4435A27E7A1AB0056E1C2 /* Resources */ = {
			isa = PBXResourcesBuildPhase;
			buildActionMask = 2147483647;
			files = (
				74B4436827E7A1AC0056E1C2 /* Assets.xcassets in Resources */,
			);
			runOnlyForDeploymentPostprocessing = 0;
		};
/* End PBXResourcesBuildPhase section */

/* Begin PBXSourcesBuildPhase section */
		74B4435827E7A1AB0056E1C2 /* Sources */ = {
			isa = PBXSourcesBuildPhase;
			buildActionMask = 2147483647;
			files = (
				74145E1227E7A83900D57C07 /* Recipes.swift in Sources */,
				74145E1627E7AFE700D57C07 /* DetailRecipeIC.swift in Sources */,
				74B4436427E7A1AB0056E1C2 /* ExtensionDelegate.swift in Sources */,
				74B4436227E7A1AB0056E1C2 /* TableRecipesIC.swift in Sources */,
				74B4436627E7A1AB0056E1C2 /* ComplicationController.swift in Sources */,
			);
			runOnlyForDeploymentPostprocessing = 0;
		};
/* End PBXSourcesBuildPhase section */

/* Begin PBXTargetDependency section */
		74B4435127E7A1A70056E1C2 /* PBXTargetDependency */ = {
			isa = PBXTargetDependency;
			target = 74B4434D27E7A1A70056E1C2 /* CookBook WatchKit App */;
			targetProxy = 74B4435027E7A1A70056E1C2 /* PBXContainerItemProxy */;
		};
		74B4435F27E7A1AB0056E1C2 /* PBXTargetDependency */ = {
			isa = PBXTargetDependency;
			target = 74B4435B27E7A1AB0056E1C2 /* CookBook WatchKit Extension */;
			targetProxy = 74B4435E27E7A1AB0056E1C2 /* PBXContainerItemProxy */;
		};
/* End PBXTargetDependency section */

/* Begin PBXVariantGroup section */
		74B4435327E7A1A70056E1C2 /* Interface.storyboard */ = {
			isa = PBXVariantGroup;
			children = (
				74B4435427E7A1A70056E1C2 /* Base */,
			);
			name = Interface.storyboard;
			sourceTree = "<group>";
		};
/* End PBXVariantGroup section */

/* Begin XCBuildConfiguration section */
		74B4436A27E7A1AC0056E1C2 /* Debug */ = {
			isa = XCBuildConfiguration;
			buildSettings = {
				ALWAYS_SEARCH_USER_PATHS = NO;
				CLANG_ANALYZER_NONNULL = YES;
				CLANG_ANALYZER_NUMBER_OBJECT_CONVERSION = YES_AGGRESSIVE;
				CLANG_CXX_LANGUAGE_STANDARD = "gnu++17";
				CLANG_ENABLE_MODULES = YES;
				CLANG_ENABLE_OBJC_ARC = YES;
				CLANG_ENABLE_OBJC_WEAK = YES;
				CLANG_WARN_BLOCK_CAPTURE_AUTORELEASING = YES;
				CLANG_WARN_BOOL_CONVERSION = YES;
				CLANG_WARN_COMMA = YES;
				CLANG_WARN_CONSTANT_CONVERSION = YES;
				CLANG_WARN_DEPRECATED_OBJC_IMPLEMENTATIONS = YES;
				CLANG_WARN_DIRECT_OBJC_ISA_USAGE = YES_ERROR;
				CLANG_WARN_DOCUMENTATION_COMMENTS = YES;
				CLANG_WARN_EMPTY_BODY = YES;
				CLANG_WARN_ENUM_CONVERSION = YES;
				CLANG_WARN_INFINITE_RECURSION = YES;
				CLANG_WARN_INT_CONVERSION = YES;
				CLANG_WARN_NON_LITERAL_NULL_CONVERSION = YES;
				CLANG_WARN_OBJC_IMPLICIT_RETAIN_SELF = YES;
				CLANG_WARN_OBJC_LITERAL_CONVERSION = YES;
				CLANG_WARN_OBJC_ROOT_CLASS = YES_ERROR;
				CLANG_WARN_QUOTED_INCLUDE_IN_FRAMEWORK_HEADER = YES;
				CLANG_WARN_RANGE_LOOP_ANALYSIS = YES;
				CLANG_WARN_STRICT_PROTOTYPES = YES;
				CLANG_WARN_SUSPICIOUS_MOVE = YES;
				CLANG_WARN_UNGUARDED_AVAILABILITY = YES_AGGRESSIVE;
				CLANG_WARN_UNREACHABLE_CODE = YES;
				CLANG_WARN__DUPLICATE_METHOD_MATCH = YES;
				COPY_PHASE_STRIP = NO;
				DEBUG_INFORMATION_FORMAT = dwarf;
				ENABLE_STRICT_OBJC_MSGSEND = YES;
				ENABLE_TESTABILITY = YES;
				GCC_C_LANGUAGE_STANDARD = gnu11;
				GCC_DYNAMIC_NO_PIC = NO;
				GCC_NO_COMMON_BLOCKS = YES;
				GCC_OPTIMIZATION_LEVEL = 0;
				GCC_PREPROCESSOR_DEFINITIONS = (
					"DEBUG=1",
					"$(inherited)",
				);
				GCC_WARN_64_TO_32_BIT_CONVERSION = YES;
				GCC_WARN_ABOUT_RETURN_TYPE = YES_ERROR;
				GCC_WARN_UNDECLARED_SELECTOR = YES;
				GCC_WARN_UNINITIALIZED_AUTOS = YES_AGGRESSIVE;
				GCC_WARN_UNUSED_FUNCTION = YES;
				GCC_WARN_UNUSED_VARIABLE = YES;
				MTL_ENABLE_DEBUG_INFO = INCLUDE_SOURCE;
				MTL_FAST_MATH = YES;
				ONLY_ACTIVE_ARCH = YES;
				SDKROOT = iphoneos;
				SWIFT_ACTIVE_COMPILATION_CONDITIONS = DEBUG;
				SWIFT_OPTIMIZATION_LEVEL = "-Onone";
			};
			name = Debug;
		};
		74B4436B27E7A1AC0056E1C2 /* Release */ = {
			isa = XCBuildConfiguration;
			buildSettings = {
				ALWAYS_SEARCH_USER_PATHS = NO;
				CLANG_ANALYZER_NONNULL = YES;
				CLANG_ANALYZER_NUMBER_OBJECT_CONVERSION = YES_AGGRESSIVE;
				CLANG_CXX_LANGUAGE_STANDARD = "gnu++17";
				CLANG_ENABLE_MODULES = YES;
				CLANG_ENABLE_OBJC_ARC = YES;
				CLANG_ENABLE_OBJC_WEAK = YES;
				CLANG_WARN_BLOCK_CAPTURE_AUTORELEASING = YES;
				CLANG_WARN_BOOL_CONVERSION = YES;
				CLANG_WARN_COMMA = YES;
				CLANG_WARN_CONSTANT_CONVERSION = YES;
				CLANG_WARN_DEPRECATED_OBJC_IMPLEMENTATIONS = YES;
				CLANG_WARN_DIRECT_OBJC_ISA_USAGE = YES_ERROR;
				CLANG_WARN_DOCUMENTATION_COMMENTS = YES;
				CLANG_WARN_EMPTY_BODY = YES;
				CLANG_WARN_ENUM_CONVERSION = YES;
				CLANG_WARN_INFINITE_RECURSION = YES;
				CLANG_WARN_INT_CONVERSION = YES;
				CLANG_WARN_NON_LITERAL_NULL_CONVERSION = YES;
				CLANG_WARN_OBJC_IMPLICIT_RETAIN_SELF = YES;
				CLANG_WARN_OBJC_LITERAL_CONVERSION = YES;
				CLANG_WARN_OBJC_ROOT_CLASS = YES_ERROR;
				CLANG_WARN_QUOTED_INCLUDE_IN_FRAMEWORK_HEADER = YES;
				CLANG_WARN_RANGE_LOOP_ANALYSIS = YES;
				CLANG_WARN_STRICT_PROTOTYPES = YES;
				CLANG_WARN_SUSPICIOUS_MOVE = YES;
				CLANG_WARN_UNGUARDED_AVAILABILITY = YES_AGGRESSIVE;
				CLANG_WARN_UNREACHABLE_CODE = YES;
				CLANG_WARN__DUPLICATE_METHOD_MATCH = YES;
				COPY_PHASE_STRIP = NO;
				DEBUG_INFORMATION_FORMAT = "dwarf-with-dsym";
				ENABLE_NS_ASSERTIONS = NO;
				ENABLE_STRICT_OBJC_MSGSEND = YES;
				GCC_C_LANGUAGE_STANDARD = gnu11;
				GCC_NO_COMMON_BLOCKS = YES;
				GCC_WARN_64_TO_32_BIT_CONVERSION = YES;
				GCC_WARN_ABOUT_RETURN_TYPE = YES_ERROR;
				GCC_WARN_UNDECLARED_SELECTOR = YES;
				GCC_WARN_UNINITIALIZED_AUTOS = YES_AGGRESSIVE;
				GCC_WARN_UNUSED_FUNCTION = YES;
				GCC_WARN_UNUSED_VARIABLE = YES;
				MTL_ENABLE_DEBUG_INFO = NO;
				MTL_FAST_MATH = YES;
				SDKROOT = iphoneos;
				SWIFT_COMPILATION_MODE = wholemodule;
				SWIFT_OPTIMIZATION_LEVEL = "-O";
				VALIDATE_PRODUCT = YES;
			};
			name = Release;
		};
		74B4436D27E7A1AC0056E1C2 /* Debug */ = {
			isa = XCBuildConfiguration;
			buildSettings = {
				ASSETCATALOG_COMPILER_COMPLICATION_NAME = Complication;
				CODE_SIGN_STYLE = Automatic;
				CURRENT_PROJECT_VERSION = 1;
				GENERATE_INFOPLIST_FILE = YES;
				INFOPLIST_FILE = "CookBook WatchKit Extension/Info.plist";
				INFOPLIST_KEY_CFBundleDisplayName = "CookBook WatchKit Extension";
				INFOPLIST_KEY_CLKComplicationPrincipalClass = "$(PRODUCT_MODULE_NAME).ComplicationController";
				INFOPLIST_KEY_NSHumanReadableCopyright = "";
				INFOPLIST_KEY_WKExtensionDelegateClassName = "$(PRODUCT_MODULE_NAME).ExtensionDelegate";
				INFOPLIST_KEY_WKWatchOnly = YES;
				LD_RUNPATH_SEARCH_PATHS = (
					"$(inherited)",
					"@executable_path/Frameworks",
					"@executable_path/../../Frameworks",
				);
				MARKETING_VERSION = 1.0;
				PRODUCT_BUNDLE_IDENTIFIER = zyablov.CookBook.watchkitapp.watchkitextension;
				PRODUCT_NAME = "${TARGET_NAME}";
				SDKROOT = watchos;
				SKIP_INSTALL = YES;
				SWIFT_EMIT_LOC_STRINGS = YES;
				SWIFT_VERSION = 5.0;
				TARGETED_DEVICE_FAMILY = 4;
				WATCHOS_DEPLOYMENT_TARGET = 8.5;
			};
			name = Debug;
		};
		74B4436E27E7A1AC0056E1C2 /* Release */ = {
			isa = XCBuildConfiguration;
			buildSettings = {
				ASSETCATALOG_COMPILER_COMPLICATION_NAME = Complication;
				CODE_SIGN_STYLE = Automatic;
				CURRENT_PROJECT_VERSION = 1;
				GENERATE_INFOPLIST_FILE = YES;
				INFOPLIST_FILE = "CookBook WatchKit Extension/Info.plist";
				INFOPLIST_KEY_CFBundleDisplayName = "CookBook WatchKit Extension";
				INFOPLIST_KEY_CLKComplicationPrincipalClass = "$(PRODUCT_MODULE_NAME).ComplicationController";
				INFOPLIST_KEY_NSHumanReadableCopyright = "";
				INFOPLIST_KEY_WKExtensionDelegateClassName = "$(PRODUCT_MODULE_NAME).ExtensionDelegate";
				INFOPLIST_KEY_WKWatchOnly = YES;
				LD_RUNPATH_SEARCH_PATHS = (
					"$(inherited)",
					"@executable_path/Frameworks",
					"@executable_path/../../Frameworks",
				);
				MARKETING_VERSION = 1.0;
				PRODUCT_BUNDLE_IDENTIFIER = zyablov.CookBook.watchkitapp.watchkitextension;
				PRODUCT_NAME = "${TARGET_NAME}";
				SDKROOT = watchos;
				SKIP_INSTALL = YES;
				SWIFT_EMIT_LOC_STRINGS = YES;
				SWIFT_VERSION = 5.0;
				TARGETED_DEVICE_FAMILY = 4;
				WATCHOS_DEPLOYMENT_TARGET = 8.5;
			};
			name = Release;
		};
		74B4437127E7A1AC0056E1C2 /* Debug */ = {
			isa = XCBuildConfiguration;
			buildSettings = {
				ALWAYS_EMBED_SWIFT_STANDARD_LIBRARIES = YES;
				ASSETCATALOG_COMPILER_APPICON_NAME = AppIcon;
				ASSETCATALOG_COMPILER_GLOBAL_ACCENT_COLOR_NAME = AccentColor;
				CODE_SIGN_STYLE = Automatic;
				CURRENT_PROJECT_VERSION = 1;
				GENERATE_INFOPLIST_FILE = YES;
				IBSC_MODULE = CookBook_WatchKit_Extension;
				INFOPLIST_KEY_CFBundleDisplayName = "CookBook WatchKit App";
				INFOPLIST_KEY_UISupportedInterfaceOrientations = "UIInterfaceOrientationPortrait UIInterfaceOrientationPortraitUpsideDown";
				MARKETING_VERSION = 1.0;
				PRODUCT_BUNDLE_IDENTIFIER = zyablov.CookBook.watchkitapp;
				PRODUCT_NAME = "$(TARGET_NAME)";
				SDKROOT = watchos;
				SKIP_INSTALL = YES;
				SWIFT_EMIT_LOC_STRINGS = YES;
				SWIFT_VERSION = 5.0;
				TARGETED_DEVICE_FAMILY = 4;
				WATCHOS_DEPLOYMENT_TARGET = 8.5;
			};
			name = Debug;
		};
		74B4437227E7A1AC0056E1C2 /* Release */ = {
			isa = XCBuildConfiguration;
			buildSettings = {
				ALWAYS_EMBED_SWIFT_STANDARD_LIBRARIES = YES;
				ASSETCATALOG_COMPILER_APPICON_NAME = AppIcon;
				ASSETCATALOG_COMPILER_GLOBAL_ACCENT_COLOR_NAME = AccentColor;
				CODE_SIGN_STYLE = Automatic;
				CURRENT_PROJECT_VERSION = 1;
				GENERATE_INFOPLIST_FILE = YES;
				IBSC_MODULE = CookBook_WatchKit_Extension;
				INFOPLIST_KEY_CFBundleDisplayName = "CookBook WatchKit App";
				INFOPLIST_KEY_UISupportedInterfaceOrientations = "UIInterfaceOrientationPortrait UIInterfaceOrientationPortraitUpsideDown";
				MARKETING_VERSION = 1.0;
				PRODUCT_BUNDLE_IDENTIFIER = zyablov.CookBook.watchkitapp;
				PRODUCT_NAME = "$(TARGET_NAME)";
				SDKROOT = watchos;
				SKIP_INSTALL = YES;
				SWIFT_EMIT_LOC_STRINGS = YES;
				SWIFT_VERSION = 5.0;
				TARGETED_DEVICE_FAMILY = 4;
				WATCHOS_DEPLOYMENT_TARGET = 8.5;
			};
			name = Release;
		};
		74B4437527E7A1AC0056E1C2 /* Debug */ = {
			isa = XCBuildConfiguration;
			buildSettings = {
				CODE_SIGN_STYLE = Automatic;
				CURRENT_PROJECT_VERSION = 1;
				MARKETING_VERSION = 1.0;
				PRODUCT_BUNDLE_IDENTIFIER = zyablov.CookBook;
				PRODUCT_NAME = "$(TARGET_NAME)";
				SWIFT_VERSION = 5.0;
			};
			name = Debug;
		};
		74B4437627E7A1AC0056E1C2 /* Release */ = {
			isa = XCBuildConfiguration;
			buildSettings = {
				CODE_SIGN_STYLE = Automatic;
				CURRENT_PROJECT_VERSION = 1;
				MARKETING_VERSION = 1.0;
				PRODUCT_BUNDLE_IDENTIFIER = zyablov.CookBook;
				PRODUCT_NAME = "$(TARGET_NAME)";
				SWIFT_VERSION = 5.0;
			};
			name = Release;
		};
/* End XCBuildConfiguration section */

/* Begin XCConfigurationList section */
		74B4434727E7A1A70056E1C2 /* Build configuration list for PBXProject "CookBook" */ = {
			isa = XCConfigurationList;
			buildConfigurations = (
				74B4436A27E7A1AC0056E1C2 /* Debug */,
				74B4436B27E7A1AC0056E1C2 /* Release */,
			);
			defaultConfigurationIsVisible = 0;
			defaultConfigurationName = Release;
		};
		74B4436C27E7A1AC0056E1C2 /* Build configuration list for PBXNativeTarget "CookBook WatchKit Extension" */ = {
			isa = XCConfigurationList;
			buildConfigurations = (
				74B4436D27E7A1AC0056E1C2 /* Debug */,
				74B4436E27E7A1AC0056E1C2 /* Release */,
			);
			defaultConfigurationIsVisible = 0;
			defaultConfigurationName = Release;
		};
		74B4437027E7A1AC0056E1C2 /* Build configuration list for PBXNativeTarget "CookBook WatchKit App" */ = {
			isa = XCConfigurationList;
			buildConfigurations = (
				74B4437127E7A1AC0056E1C2 /* Debug */,
				74B4437227E7A1AC0056E1C2 /* Release */,
			);
			defaultConfigurationIsVisible = 0;
			defaultConfigurationName = Release;
		};
		74B4437427E7A1AC0056E1C2 /* Build configuration list for PBXNativeTarget "CookBook" */ = {
			isa = XCConfigurationList;
			buildConfigurations = (
				74B4437527E7A1AC0056E1C2 /* Debug */,
				74B4437627E7A1AC0056E1C2 /* Release */,
			);
			defaultConfigurationIsVisible = 0;
			defaultConfigurationName = Release;
		};
/* End XCConfigurationList section */
	};
	rootObject = 74B4434427E7A1A70056E1C2 /* Project object */;
}
